// !$*UTF8*$!
{
	archiveVersion = 1;
	classes = {
	};
	objectVersion = 46;
	objects = {

/* Begin PBXBuildFile section */
		394361DA1E15224B00181C51 /* AppDelegate.swift in Sources */ = {isa = PBXBuildFile; fileRef = 394361D91E15224B00181C51 /* AppDelegate.swift */; };
		394361DC1E15224B00181C51 /* ViewController.swift in Sources */ = {isa = PBXBuildFile; fileRef = 394361DB1E15224B00181C51 /* ViewController.swift */; };
		394361DF1E15224B00181C51 /* Main.storyboard in Resources */ = {isa = PBXBuildFile; fileRef = 394361DD1E15224B00181C51 /* Main.storyboard */; };
		394361E11E15224B00181C51 /* Assets.xcassets in Resources */ = {isa = PBXBuildFile; fileRef = 394361E01E15224B00181C51 /* Assets.xcassets */; };
		394361E41E15224B00181C51 /* LaunchScreen.storyboard in Resources */ = {isa = PBXBuildFile; fileRef = 394361E21E15224B00181C51 /* LaunchScreen.storyboard */; };
		394361EC1E154E3700181C51 /* 取消按钮.png in Resources */ = {isa = PBXBuildFile; fileRef = 394361EB1E154E3700181C51 /* 取消按钮.png */; };
		A6AFA0078D316216271C7DF3 /* Pods_Test2.framework in Frameworks */ = {isa = PBXBuildFile; fileRef = 8C57D8A3C16185BD7AA4A210 /* Pods_Test2.framework */; };
/* End PBXBuildFile section */

/* Begin PBXFileReference section */
		394361D61E15224B00181C51 /* Test2.app */ = {isa = PBXFileReference; explicitFileType = wrapper.application; includeInIndex = 0; path = Test2.app; sourceTree = BUILT_PRODUCTS_DIR; };
		394361D91E15224B00181C51 /* AppDelegate.swift */ = {isa = PBXFileReference; lastKnownFileType = sourcecode.swift; path = AppDelegate.swift; sourceTree = "<group>"; };
		394361DB1E15224B00181C51 /* ViewController.swift */ = {isa = PBXFileReference; lastKnownFileType = sourcecode.swift; path = ViewController.swift; sourceTree = "<group>"; };
		394361DE1E15224B00181C51 /* Base */ = {isa = PBXFileReference; lastKnownFileType = file.storyboard; name = Base; path = Base.lproj/Main.storyboard; sourceTree = "<group>"; };
		394361E01E15224B00181C51 /* Assets.xcassets */ = {isa = PBXFileReference; lastKnownFileType = folder.assetcatalog; path = Assets.xcassets; sourceTree = "<group>"; };
		394361E31E15224B00181C51 /* Base */ = {isa = PBXFileReference; lastKnownFileType = file.storyboard; name = Base; path = Base.lproj/LaunchScreen.storyboard; sourceTree = "<group>"; };
		394361E51E15224B00181C51 /* Info.plist */ = {isa = PBXFileReference; lastKnownFileType = text.plist.xml; path = Info.plist; sourceTree = "<group>"; };
		394361EB1E154E3700181C51 /* 取消按钮.png */ = {isa = PBXFileReference; lastKnownFileType = image.png; path = "取消按钮.png"; sourceTree = "<group>"; };
		53E7CEC8B75EC73A2CFE4366 /* Pods-Test2.release.xcconfig */ = {isa = PBXFileReference; includeInIndex = 1; lastKnownFileType = text.xcconfig; name = "Pods-Test2.release.xcconfig"; path = "Pods/Target Support Files/Pods-Test2/Pods-Test2.release.xcconfig"; sourceTree = "<group>"; };
		8C57D8A3C16185BD7AA4A210 /* Pods_Test2.framework */ = {isa = PBXFileReference; explicitFileType = wrapper.framework; includeInIndex = 0; path = Pods_Test2.framework; sourceTree = BUILT_PRODUCTS_DIR; };
		E65E286A10EEC17496574C70 /* Pods-Test2.debug.xcconfig */ = {isa = PBXFileReference; includeInIndex = 1; lastKnownFileType = text.xcconfig; name = "Pods-Test2.debug.xcconfig"; path = "Pods/Target Support Files/Pods-Test2/Pods-Test2.debug.xcconfig"; sourceTree = "<group>"; };
/* End PBXFileReference section */

/* Begin PBXFrameworksBuildPhase section */
		394361D31E15224B00181C51 /* Frameworks */ = {
			isa = PBXFrameworksBuildPhase;
			buildActionMask = 2147483647;
			files = (
				A6AFA0078D316216271C7DF3 /* Pods_Test2.framework in Frameworks */,
			);
			runOnlyForDeploymentPostprocessing = 0;
		};
/* End PBXFrameworksBuildPhase section */

/* Begin PBXGroup section */
		394361CD1E15224B00181C51 = {
			isa = PBXGroup;
			children = (
				394361D81E15224B00181C51 /* Test2 */,
				394361D71E15224B00181C51 /* Products */,
				BD7241D56C007E0D6B0EFDD4 /* Pods */,
				93739C2656AAC0FA4BBDBA72 /* Frameworks */,
			);
			sourceTree = "<group>";
		};
		394361D71E15224B00181C51 /* Products */ = {
			isa = PBXGroup;
			children = (
				394361D61E15224B00181C51 /* Test2.app */,
			);
			name = Products;
			sourceTree = "<group>";
		};
		394361D81E15224B00181C51 /* Test2 */ = {
			isa = PBXGroup;
			children = (
				394361D91E15224B00181C51 /* AppDelegate.swift */,
				394361DB1E15224B00181C51 /* ViewController.swift */,
				394361DD1E15224B00181C51 /* Main.storyboard */,
				394361E01E15224B00181C51 /* Assets.xcassets */,
				394361EB1E154E3700181C51 /* 取消按钮.png */,
				394361E21E15224B00181C51 /* LaunchScreen.storyboard */,
				394361E51E15224B00181C51 /* Info.plist */,
			);
			path = Test2;
			sourceTree = "<group>";
		};
		93739C2656AAC0FA4BBDBA72 /* Frameworks */ = {
			isa = PBXGroup;
			children = (
				8C57D8A3C16185BD7AA4A210 /* Pods_Test2.framework */,
			);
			name = Frameworks;
			sourceTree = "<group>";
		};
		BD7241D56C007E0D6B0EFDD4 /* Pods */ = {
			isa = PBXGroup;
			children = (
				E65E286A10EEC17496574C70 /* Pods-Test2.debug.xcconfig */,
				53E7CEC8B75EC73A2CFE4366 /* Pods-Test2.release.xcconfig */,
			);
			name = Pods;
			sourceTree = "<group>";
		};
/* End PBXGroup section */

/* Begin PBXNativeTarget section */
		394361D51E15224B00181C51 /* Test2 */ = {
			isa = PBXNativeTarget;
			buildConfigurationList = 394361E81E15224B00181C51 /* Build configuration list for PBXNativeTarget "Test2" */;
			buildPhases = (
				4F310213C9D3E556D2A6D7EB /* [CP] Check Pods Manifest.lock */,
				394361D21E15224B00181C51 /* Sources */,
				394361D31E15224B00181C51 /* Frameworks */,
				394361D41E15224B00181C51 /* Resources */,
				8DA0470697E05047EDB1B158 /* [CP] Embed Pods Frameworks */,
				3DC9E67D17A17454579EA1A3 /* [CP] Copy Pods Resources */,
			);
			buildRules = (
			);
			dependencies = (
			);
			name = Test2;
			productName = Test2;
			productReference = 394361D61E15224B00181C51 /* Test2.app */;
			productType = "com.apple.product-type.application";
		};
/* End PBXNativeTarget section */

/* Begin PBXProject section */
		394361CE1E15224B00181C51 /* Project object */ = {
			isa = PBXProject;
			attributes = {
				LastSwiftUpdateCheck = 0820;
				LastUpgradeCheck = 0820;
				ORGANIZATIONNAME = zhuxing;
				TargetAttributes = {
					394361D51E15224B00181C51 = {
						CreatedOnToolsVersion = 8.2;
						DevelopmentTeam = KP2EZ9LGC6;
						ProvisioningStyle = Automatic;
					};
				};
			};
			buildConfigurationList = 394361D11E15224B00181C51 /* Build configuration list for PBXProject "Test2" */;
			compatibilityVersion = "Xcode 3.2";
			developmentRegion = English;
			hasScannedForEncodings = 0;
			knownRegions = (
				en,
				Base,
			);
			mainGroup = 394361CD1E15224B00181C51;
			productRefGroup = 394361D71E15224B00181C51 /* Products */;
			projectDirPath = "";
			projectRoot = "";
			targets = (
				394361D51E15224B00181C51 /* Test2 */,
			);
		};
/* End PBXProject section */

/* Begin PBXResourcesBuildPhase section */
		394361D41E15224B00181C51 /* Resources */ = {
			isa = PBXResourcesBuildPhase;
			buildActionMask = 2147483647;
			files = (
				394361EC1E154E3700181C51 /* 取消按钮.png in Resources */,
				394361E41E15224B00181C51 /* LaunchScreen.storyboard in Resources */,
				394361E11E15224B00181C51 /* Assets.xcassets in Resources */,
				394361DF1E15224B00181C51 /* Main.storyboard in Resources */,
			);
			runOnlyForDeploymentPostprocessing = 0;
		};
/* End PBXResourcesBuildPhase section */

/* Begin PBXShellScriptBuildPhase section */
		3DC9E67D17A17454579EA1A3 /* [CP] Copy Pods Resources */ = {
			isa = PBXShellScriptBuildPhase;
			buildActionMask = 2147483647;
			files = (
			);
			inputPaths = (
			);
			name = "[CP] Copy Pods Resources";
			outputPaths = (
			);
			runOnlyForDeploymentPostprocessing = 0;
			shellPath = /bin/sh;
			shellScript = "\"${SRCROOT}/Pods/Target Support Files/Pods-Test2/Pods-Test2-resources.sh\"\n";
			showEnvVarsInLog = 0;
		};
		4F310213C9D3E556D2A6D7EB /* [CP] Check Pods Manifest.lock */ = {
			isa = PBXShellScriptBuildPhase;
			buildActionMask = 2147483647;
			files = (
			);
			inputPaths = (
			);
			name = "[CP] Check Pods Manifest.lock";
			outputPaths = (
			);
			runOnlyForDeploymentPostprocessing = 0;
			shellPath = /bin/sh;
			shellScript = "diff \"${PODS_ROOT}/../Podfile.lock\" \"${PODS_ROOT}/Manifest.lock\" > /dev/null\nif [ $? != 0 ] ; then\n    # print error to STDERR\n    echo \"error: The sandbox is not in sync with the Podfile.lock. Run 'pod install' or update your CocoaPods installation.\" >&2\n    exit 1\nfi\n";
			showEnvVarsInLog = 0;
		};
		8DA0470697E05047EDB1B158 /* [CP] Embed Pods Frameworks */ = {
			isa = PBXShellScriptBuildPhase;
			buildActionMask = 2147483647;
			files = (
			);
			inputPaths = (
			);
			name = "[CP] Embed Pods Frameworks";
			outputPaths = (
			);
			runOnlyForDeploymentPostprocessing = 0;
			shellPath = /bin/sh;
			shellScript = "\"${SRCROOT}/Pods/Target Support Files/Pods-Test2/Pods-Test2-frameworks.sh\"\n";
			showEnvVarsInLog = 0;
		};
/* End PBXShellScriptBuildPhase section */

/* Begin PBXSourcesBuildPhase section */
		394361D21E15224B00181C51 /* Sources */ = {
			isa = PBXSourcesBuildPhase;
			buildActionMask = 2147483647;
			files = (
				394361DC1E15224B00181C51 /* ViewController.swift in Sources */,
				394361DA1E15224B00181C51 /* AppDelegate.swift in Sources */,
			);
			runOnlyForDeploymentPostprocessing = 0;
		};
/* End PBXSourcesBuildPhase section */

/* Begin PBXVariantGroup section */
		394361DD1E15224B00181C51 /* Main.storyboard */ = {
			isa = PBXVariantGroup;
			children = (
				394361DE1E15224B00181C51 /* Base */,
			);
			name = Main.storyboard;
			sourceTree = "<group>";
		};
		394361E21E15224B00181C51 /* LaunchScreen.storyboard */ = {
			isa = PBXVariantGroup;
			children = (
				394361E31E15224B00181C51 /* Base */,
			);
			name = LaunchScreen.storyboard;
			sourceTree = "<group>";
		};
/* End PBXVariantGroup section */

/* Begin XCBuildConfiguration section */
		394361E61E15224B00181C51 /* Debug */ = {
			isa = XCBuildConfiguration;
			buildSettings = {
				ALWAYS_SEARCH_USER_PATHS = NO;
				CLANG_ANALYZER_NONNULL = YES;
				CLANG_CXX_LANGUAGE_STANDARD = "gnu++0x";
				CLANG_CXX_LIBRARY = "libc++";
				CLANG_ENABLE_MODULES = YES;
				CLANG_ENABLE_OBJC_ARC = YES;
				CLANG_WARN_BOOL_CONVERSION = YES;
				CLANG_WARN_CONSTANT_CONVERSION = YES;
				CLANG_WARN_DIRECT_OBJC_ISA_USAGE = YES_ERROR;
				CLANG_WARN_DOCUMENTATION_COMMENTS = YES;
				CLANG_WARN_EMPTY_BODY = YES;
				CLANG_WARN_ENUM_CONVERSION = YES;
				CLANG_WARN_INFINITE_RECURSION = YES;
				CLANG_WARN_INT_CONVERSION = YES;
				CLANG_WARN_OBJC_ROOT_CLASS = YES_ERROR;
				CLANG_WARN_SUSPICIOUS_MOVE = YES;
				CLANG_WARN_UNREACHABLE_CODE = YES;
				CLANG_WARN__DUPLICATE_METHOD_MATCH = YES;
				"CODE_SIGN_IDENTITY[sdk=iphoneos*]" = "iPhone Developer";
				COPY_PHASE_STRIP = NO;
				DEBUG_INFORMATION_FORMAT = dwarf;
				ENABLE_STRICT_OBJC_MSGSEND = YES;
				ENABLE_TESTABILITY = YES;
				GCC_C_LANGUAGE_STANDARD = gnu99;
				GCC_DYNAMIC_NO_PIC = NO;
				GCC_NO_COMMON_BLOCKS = YES;
				GCC_OPTIMIZATION_LEVEL = 0;
				GCC_PREPROCESSOR_DEFINITIONS = (
					"DEBUG=1",
					"$(inherited)",
				);
				GCC_WARN_64_TO_32_BIT_CONVERSION = YES;
				GCC_WARN_ABOUT_RETURN_TYPE = YES_ERROR;
				GCC_WARN_UNDECLARED_SELECTOR = YES;
				GCC_WARN_UNINITIALIZED_AUTOS = YES_AGGRESSIVE;
				GCC_WARN_UNUSED_FUNCTION = YES;
				GCC_WARN_UNUSED_VARIABLE = YES;
				IPHONEOS_DEPLOYMENT_TARGET = 10.2;
				MTL_ENABLE_DEBUG_INFO = YES;
				ONLY_ACTIVE_ARCH = YES;
				SDKROOT = iphoneos;
				SWIFT_ACTIVE_COMPILATION_CONDITIONS = DEBUG;
				SWIFT_OPTIMIZATION_LEVEL = "-Onone";
			};
			name = Debug;
		};
		394361E71E15224B00181C51 /* Release */ = {
			isa = XCBuildConfiguration;
			buildSettings = {
				ALWAYS_SEARCH_USER_PATHS = NO;
				CLANG_ANALYZER_NONNULL = YES;
				CLANG_CXX_LANGUAGE_STANDARD = "gnu++0x";
				CLANG_CXX_LIBRARY = "libc++";
				CLANG_ENABLE_MODULES = YES;
				CLANG_ENABLE_OBJC_ARC = YES;
				CLANG_WARN_BOOL_CONVERSION = YES;
				CLANG_WARN_CONSTANT_CONVERSION = YES;
				CLANG_WARN_DIRECT_OBJC_ISA_USAGE = YES_ERROR;
				CLANG_WARN_DOCUMENTATION_COMMENTS = YES;
				CLANG_WARN_EMPTY_BODY = YES;
				CLANG_WARN_ENUM_CONVERSION = YES;
				CLANG_WARN_INFINITE_RECURSION = YES;
				CLANG_WARN_INT_CONVERSION = YES;
				CLANG_WARN_OBJC_ROOT_CLASS = YES_ERROR;
				CLANG_WARN_SUSPICIOUS_MOVE = YES;
				CLANG_WARN_UNREACHABLE_CODE = YES;
				CLANG_WARN__DUPLICATE_METHOD_MATCH = YES;
				"CODE_SIGN_IDENTITY[sdk=iphoneos*]" = "iPhone Developer";
				COPY_PHASE_STRIP = NO;
				DEBUG_INFORMATION_FORMAT = "dwarf-with-dsym";
				ENABLE_NS_ASSERTIONS = NO;
				ENABLE_STRICT_OBJC_MSGSEND = YES;
				GCC_C_LANGUAGE_STANDARD = gnu99;
				GCC_NO_COMMON_BLOCKS = YES;
				GCC_WARN_64_TO_32_BIT_CONVERSION = YES;
				GCC_WARN_ABOUT_RETURN_TYPE = YES_ERROR;
				GCC_WARN_UNDECLARED_SELECTOR = YES;
				GCC_WARN_UNINITIALIZED_AUTOS = YES_AGGRESSIVE;
				GCC_WARN_UNUSED_FUNCTION = YES;
				GCC_WARN_UNUSED_VARIABLE = YES;
				IPHONEOS_DEPLOYMENT_TARGET = 10.2;
				MTL_ENABLE_DEBUG_INFO = NO;
				SDKROOT = iphoneos;
				SWIFT_OPTIMIZATION_LEVEL = "-Owholemodule";
				VALIDATE_PRODUCT = YES;
			};
			name = Release;
		};
		394361E91E15224B00181C51 /* Debug */ = {
			isa = XCBuildConfiguration;
			baseConfigurationReference = E65E286A10EEC17496574C70 /* Pods-Test2.debug.xcconfig */;
			buildSettings = {
				ASSETCATALOG_COMPILER_APPICON_NAME = AppIcon;
				DEVELOPMENT_TEAM = KP2EZ9LGC6;
				INFOPLIST_FILE = Test2/Info.plist;
				LD_RUNPATH_SEARCH_PATHS = "$(inherited) @executable_path/Frameworks";
				PRODUCT_BUNDLE_IDENTIFIER = zhuxing.Test2;
				PRODUCT_NAME = "$(TARGET_NAME)";
				SWIFT_VERSION = 3.0;
			};
			name = Debug;
		};
		394361EA1E15224B00181C51 /* Release */ = {
			isa = XCBuildConfiguration;
			baseConfigurationReference = 53E7CEC8B75EC73A2CFE4366 /* Pods-Test2.release.xcconfig */;
			buildSettings = {
				ASSETCATALOG_COMPILER_APPICON_NAME = AppIcon;
				DEVELOPMENT_TEAM = KP2EZ9LGC6;
				INFOPLIST_FILE = Test2/Info.plist;
				LD_RUNPATH_SEARCH_PATHS = "$(inherited) @executable_path/Frameworks";
				PRODUCT_BUNDLE_IDENTIFIER = zhuxing.Test2;
				PRODUCT_NAME = "$(TARGET_NAME)";
				SWIFT_VERSION = 3.0;
			};
			name = Release;
		};
/* End XCBuildConfiguration section */

/* Begin XCConfigurationList section */
		394361D11E15224B00181C51 /* Build configuration list for PBXProject "Test2" */ = {
			isa = XCConfigurationList;
			buildConfigurations = (
				394361E61E15224B00181C51 /* Debug */,
				394361E71E15224B00181C51 /* Release */,
			);
			defaultConfigurationIsVisible = 0;
			defaultConfigurationName = Release;
		};
		394361E81E15224B00181C51 /* Build configuration list for PBXNativeTarget "Test2" */ = {
			isa = XCConfigurationList;
			buildConfigurations = (
				394361E91E15224B00181C51 /* Debug */,
				394361EA1E15224B00181C51 /* Release */,
			);
			defaultConfigurationIsVisible = 0;
			defaultConfigurationName = Release;
		};
/* End XCConfigurationList section */
	};
	rootObject = 394361CE1E15224B00181C51 /* Project object */;
}
